
Microsoft Visual Studio Solution File, Format Version 12.00
# Visual Studio Version 17
VisualStudioVersion = 17.7.34221.43
MinimumVisualStudioVersion = 10.0.40219.1
Project("{FAE04EC0-301F-11D3-BF4B-00C04F79EFBC}") = "TraversalCoreProject", "TraversalCoreProject\TraversalCoreProject.csproj", "{FBF975BC-4644-4ED2-BA63-62C536BC4BC9}"
EndProject
Project("{FAE04EC0-301F-11D3-BF4B-00C04F79EFBC}") = "Entity", "Entity\Entity.csproj", "{9B07D3A4-A28F-4E77-8A53-BF89431AE855}"
EndProject
Project("{FAE04EC0-301F-11D3-BF4B-00C04F79EFBC}") = "DataAccess", "DataAccess\DataAccess.csproj", "{05023AD2-9E26-4460-90A1-0B2E80F91A01}"
EndProject
Project("{FAE04EC0-301F-11D3-BF4B-00C04F79EFBC}") = "Business", "Business\Business.csproj", "{300A88A6-5D6F-4E75-8818-FE64ACFFC50C}"
EndProject
Global
	GlobalSection(SolutionConfigurationPlatforms) = preSolution
		Debug|Any CPU = Debug|Any CPU
		Release|Any CPU = Release|Any CPU
	EndGlobalSection
	GlobalSection(ProjectConfigurationPlatforms) = postSolution
		{FBF975BC-4644-4ED2-BA63-62C536BC4BC9}.Debug|Any CPU.ActiveCfg = Debug|Any CPU
		{FBF975BC-4644-4ED2-BA63-62C536BC4BC9}.Debug|Any CPU.Build.0 = Debug|Any CPU
		{FBF975BC-4644-4ED2-BA63-62C536BC4BC9}.Release|Any CPU.ActiveCfg = Release|Any CPU
		{FBF975BC-4644-4ED2-BA63-62C536BC4BC9}.Release|Any CPU.Build.0 = Release|Any CPU
		{9B07D3A4-A28F-4E77-8A53-BF89431AE855}.Debug|Any CPU.ActiveCfg = Debug|Any CPU
		{9B07D3A4-A28F-4E77-8A53-BF89431AE855}.Debug|Any CPU.Build.0 = Debug|Any CPU
		{9B07D3A4-A28F-4E77-8A53-BF89431AE855}.Release|Any CPU.ActiveCfg = Release|Any CPU
		{9B07D3A4-A28F-4E77-8A53-BF89431AE855}.Release|Any CPU.Build.0 = Release|Any CPU
		{05023AD2-9E26-4460-90A1-0B2E80F91A01}.Debug|Any CPU.ActiveCfg = Debug|Any CPU
		{05023AD2-9E26-4460-90A1-0B2E80F91A01}.Debug|Any CPU.Build.0 = Debug|Any CPU
		{05023AD2-9E26-4460-90A1-0B2E80F91A01}.Release|Any CPU.ActiveCfg = Release|Any CPU
		{05023AD2-9E26-4460-90A1-0B2E80F91A01}.Release|Any CPU.Build.0 = Release|Any CPU
		{300A88A6-5D6F-4E75-8818-FE64ACFFC50C}.Debug|Any CPU.ActiveCfg = Debug|Any CPU
		{300A88A6-5D6F-4E75-8818-FE64ACFFC50C}.Debug|Any CPU.Build.0 = Debug|Any CPU
		{300A88A6-5D6F-4E75-8818-FE64ACFFC50C}.Release|Any CPU.ActiveCfg = Release|Any CPU
		{300A88A6-5D6F-4E75-8818-FE64ACFFC50C}.Release|Any CPU.Build.0 = Release|Any CPU
	EndGlobalSection
	GlobalSection(SolutionProperties) = preSolution
		HideSolutionNode = FALSE
	EndGlobalSection
	GlobalSection(ExtensibilityGlobals) = postSolution
		SolutionGuid = {0C986BA3-2A78-4A7E-8E30-213DDDD06C4A}
	EndGlobalSection
EndGlobal
